
Microsoft Visual Studio Solution File, Format Version 12.00
# Visual Studio Version 17
VisualStudioVersion = 17.5.33627.172
MinimumVisualStudioVersion = 10.0.40219.1
Project("{FAE04EC0-301F-11D3-BF4B-00C04F79EFBC}") = "VeinMiner", "VeinMiner.csproj", "{9B30868D-DCB9-491C-AAFE-ACBA0E4C1CA0}"
EndProject
Global
	GlobalSection(SolutionConfigurationPlatforms) = preSolution
		Debug|Any CPU = Debug|Any CPU
		Release|Any CPU = Release|Any CPU
	EndGlobalSection
	GlobalSection(ProjectConfigurationPlatforms) = postSolution
		{9B30868D-DCB9-491C-AAFE-ACBA0E4C1CA0}.Debug|Any CPU.ActiveCfg = Debug|Any CPU
		{9B30868D-DCB9-491C-AAFE-ACBA0E4C1CA0}.Debug|Any CPU.Build.0 = Debug|Any CPU
		{9B30868D-DCB9-491C-AAFE-ACBA0E4C1CA0}.Release|Any CPU.ActiveCfg = Release|Any CPU
		{9B30868D-DCB9-491C-AAFE-ACBA0E4C1CA0}.Release|Any CPU.Build.0 = Release|Any CPU
	EndGlobalSection
	GlobalSection(SolutionProperties) = preSolution
		HideSolutionNode = FALSE
	EndGlobalSection
	GlobalSection(ExtensibilityGlobals) = postSolution
		SolutionGuid = {35257463-55E9-49C7-8B40-93051ED6CDC4}
	EndGlobalSection
EndGlobal
